
Microsoft Visual Studio Solution File, Format Version 12.00
# Visual Studio 15
VisualStudioVersion = 15.0.28307.106
MinimumVisualStudioVersion = 10.0.40219.1
Project("{159641D6-6404-4A2A-AE62-294DE0FE8301}") = "SSIS DevOps with Azure Containers", "SSIS DevOps with Azure Containers\SSIS DevOps with Azure Containers.dtproj", "{74631175-C082-430C-97F7-260D221D5F58}"
EndProject
Global
	GlobalSection(SolutionConfigurationPlatforms) = preSolution
		Development|Default = Development|Default
	EndGlobalSection
	GlobalSection(ProjectConfigurationPlatforms) = postSolution
		{74631175-C082-430C-97F7-260D221D5F58}.Development|Default.ActiveCfg = Development
		{74631175-C082-430C-97F7-260D221D5F58}.Development|Default.Build.0 = Development
	EndGlobalSection
	GlobalSection(SolutionProperties) = preSolution
		HideSolutionNode = FALSE
	EndGlobalSection
	GlobalSection(ExtensibilityGlobals) = postSolution
		SolutionGuid = {0B53AC4A-754C-48A4-8DE1-863F26716C3D}
	EndGlobalSection
EndGlobal
